Microsoft Visual Studio Solution File, Format Version 12.00
# Visual Studio 15
VisualStudioVersion = 15.0.26430.16
MinimumVisualStudioVersion = 10.0.40219.1
Project("{FAE04EC0-301F-11D3-BF4B-00C04F79EFBC}") = "Reisapp.Business", "Reisapp.Business\Reisapp.Business.csproj", "{C16971A7-6286-4415-857E-023D6894AC79}"
EndProject
Project("{FAE04EC0-301F-11D3-BF4B-00C04F79EFBC}") = "Reisapp.Models", "Reisapp.Models\Reisapp.Models.csproj", "{FD765808-26C6-4C67-8E69-ACD1B37F4F65}"
EndProject
Project("{FAE04EC0-301F-11D3-BF4B-00C04F79EFBC}") = "Reisapp.Console", "Reisapp.Console\Reisapp.Console.csproj", "{0978354D-DF89-46E6-9C39-888C68FAC03E}"
EndProject
Global
	GlobalSection(SolutionConfigurationPlatforms) = preSolution
		Debug|Any CPU = Debug|Any CPU
		Release|Any CPU = Release|Any CPU
	EndGlobalSection
	GlobalSection(ProjectConfigurationPlatforms) = postSolution
		{C16971A7-6286-4415-857E-023D6894AC79}.Debug|Any CPU.ActiveCfg = Debug|Any CPU
		{C16971A7-6286-4415-857E-023D6894AC79}.Debug|Any CPU.Build.0 = Debug|Any CPU
		{C16971A7-6286-4415-857E-023D6894AC79}.Release|Any CPU.ActiveCfg = Release|Any CPU
		{C16971A7-6286-4415-857E-023D6894AC79}.Release|Any CPU.Build.0 = Release|Any CPU
		{FD765808-26C6-4C67-8E69-ACD1B37F4F65}.Debug|Any CPU.ActiveCfg = Debug|Any CPU
		{FD765808-26C6-4C67-8E69-ACD1B37F4F65}.Debug|Any CPU.Build.0 = Debug|Any CPU
		{FD765808-26C6-4C67-8E69-ACD1B37F4F65}.Release|Any CPU.ActiveCfg = Release|Any CPU
		{FD765808-26C6-4C67-8E69-ACD1B37F4F65}.Release|Any CPU.Build.0 = Release|Any CPU
		{0978354D-DF89-46E6-9C39-888C68FAC03E}.Debug|Any CPU.ActiveCfg = Debug|Any CPU
		{0978354D-DF89-46E6-9C39-888C68FAC03E}.Debug|Any CPU.Build.0 = Debug|Any CPU
		{0978354D-DF89-46E6-9C39-888C68FAC03E}.Release|Any CPU.ActiveCfg = Release|Any CPU
		{0978354D-DF89-46E6-9C39-888C68FAC03E}.Release|Any CPU.Build.0 = Release|Any CPU
	EndGlobalSection
	GlobalSection(SolutionProperties) = preSolution
		HideSolutionNode = FALSE
	EndGlobalSection
EndGlobal
